// !$*UTF8*$!
{
	archiveVersion = 1;
	classes = {
	};
	objectVersion = 56;
	objects = {

/* Begin PBXBuildFile section */
		3D3332D02B23709D0063D286 /* RestaurantDetailView.swift in Sources */ = {isa = PBXBuildFile; fileRef = 3D3332CF2B23709D0063D286 /* RestaurantDetailView.swift */; };
		3D3332D52B2376AC0063D286 /* Restaurant+CoreDataClass.swift in Sources */ = {isa = PBXBuildFile; fileRef = 3D3332D12B2376AC0063D286 /* Restaurant+CoreDataClass.swift */; };
		3D3332D62B2376AC0063D286 /* Restaurant+CoreDataProperties.swift in Sources */ = {isa = PBXBuildFile; fileRef = 3D3332D22B2376AC0063D286 /* Restaurant+CoreDataProperties.swift */; };
		3D3332D72B2376AC0063D286 /* Review+CoreDataClass.swift in Sources */ = {isa = PBXBuildFile; fileRef = 3D3332D32B2376AC0063D286 /* Review+CoreDataClass.swift */; };
		3D3332D82B2376AC0063D286 /* Review+CoreDataProperties.swift in Sources */ = {isa = PBXBuildFile; fileRef = 3D3332D42B2376AC0063D286 /* Review+CoreDataProperties.swift */; };
		3D3332DA2B2377420063D286 /* ReviewView.swift in Sources */ = {isa = PBXBuildFile; fileRef = 3D3332D92B2377420063D286 /* ReviewView.swift */; };
		3D549AE02B2464A900458521 /* TabsView.swift in Sources */ = {isa = PBXBuildFile; fileRef = 3D549ADF2B2464A900458521 /* TabsView.swift */; };
		3D549AE22B2468EB00458521 /* ProfileView.swift in Sources */ = {isa = PBXBuildFile; fileRef = 3D549AE12B2468EB00458521 /* ProfileView.swift */; };
		3D549AE42B24702700458521 /* UsersListView.swift in Sources */ = {isa = PBXBuildFile; fileRef = 3D549AE32B24702600458521 /* UsersListView.swift */; };
		3D549AE62B24707400458521 /* UsersViewModel.swift in Sources */ = {isa = PBXBuildFile; fileRef = 3D549AE52B24707400458521 /* UsersViewModel.swift */; };
		3D549AE92B24732800458521 /* AddEditUserViewModel.swift in Sources */ = {isa = PBXBuildFile; fileRef = 3D549AE82B24732800458521 /* AddEditUserViewModel.swift */; };
		3D549AEB2B24746300458521 /* AddEditUserView.swift in Sources */ = {isa = PBXBuildFile; fileRef = 3D549AEA2B24746300458521 /* AddEditUserView.swift */; };
		3DB551E12B24A81400D27E90 /* UserDetailsView.swift in Sources */ = {isa = PBXBuildFile; fileRef = 3DB551E02B24A81400D27E90 /* UserDetailsView.swift */; };
		3DC685982B25B229006B5288 /* AddEditRestaurantView.swift in Sources */ = {isa = PBXBuildFile; fileRef = 3DC685972B25B228006B5288 /* AddEditRestaurantView.swift */; };
		3DC6859A2B25B340006B5288 /* AddEditRestaurantViewModel.swift in Sources */ = {isa = PBXBuildFile; fileRef = 3DC685992B25B340006B5288 /* AddEditRestaurantViewModel.swift */; };
		3DCCF0D92B233CD000666731 /* RestaurantViewModel.swift in Sources */ = {isa = PBXBuildFile; fileRef = 3DCCF0D82B233CD000666731 /* RestaurantViewModel.swift */; };
		3DCCF0DB2B233D2800666731 /* RestaurantListView.swift in Sources */ = {isa = PBXBuildFile; fileRef = 3DCCF0DA2B233D2800666731 /* RestaurantListView.swift */; };
		3DD462212B23015200D200B3 /* RestoRaterApp.swift in Sources */ = {isa = PBXBuildFile; fileRef = 3DD462202B23015200D200B3 /* RestoRaterApp.swift */; };
		3DD462252B23015300D200B3 /* Assets.xcassets in Resources */ = {isa = PBXBuildFile; fileRef = 3DD462242B23015300D200B3 /* Assets.xcassets */; };
		3DD462282B23015300D200B3 /* Preview Assets.xcassets in Resources */ = {isa = PBXBuildFile; fileRef = 3DD462272B23015300D200B3 /* Preview Assets.xcassets */; };
		3DD4622A2B23015300D200B3 /* Persistence.swift in Sources */ = {isa = PBXBuildFile; fileRef = 3DD462292B23015300D200B3 /* Persistence.swift */; };
		3DD4622D2B23015300D200B3 /* RestoRaterApp.xcdatamodeld in Sources */ = {isa = PBXBuildFile; fileRef = 3DD4622B2B23015300D200B3 /* RestoRaterApp.xcdatamodeld */; };
		3DD462372B23015300D200B3 /* RestoRaterAppTests.swift in Sources */ = {isa = PBXBuildFile; fileRef = 3DD462362B23015300D200B3 /* RestoRaterAppTests.swift */; };
		3DD462412B23015400D200B3 /* RestoRaterAppUITests.swift in Sources */ = {isa = PBXBuildFile; fileRef = 3DD462402B23015400D200B3 /* RestoRaterAppUITests.swift */; };
		3DD462432B23015400D200B3 /* RestoRaterAppUITestsLaunchTests.swift in Sources */ = {isa = PBXBuildFile; fileRef = 3DD462422B23015400D200B3 /* RestoRaterAppUITestsLaunchTests.swift */; };
		3DD462612B2306DC00D200B3 /* User+CoreDataClass.swift in Sources */ = {isa = PBXBuildFile; fileRef = 3DD4625F2B2306DC00D200B3 /* User+CoreDataClass.swift */; };
		3DD462622B2306DC00D200B3 /* User+CoreDataProperties.swift in Sources */ = {isa = PBXBuildFile; fileRef = 3DD462602B2306DC00D200B3 /* User+CoreDataProperties.swift */; };
		3DD462652B23085B00D200B3 /* RegisterViewModel.swift in Sources */ = {isa = PBXBuildFile; fileRef = 3DD462642B23085B00D200B3 /* RegisterViewModel.swift */; };
		3DD462682B23098F00D200B3 /* RegisterView.swift in Sources */ = {isa = PBXBuildFile; fileRef = 3DD462672B23098F00D200B3 /* RegisterView.swift */; };
		3DD4626A2B230EA100D200B3 /* LoginViewModel.swift in Sources */ = {isa = PBXBuildFile; fileRef = 3DD462692B230EA100D200B3 /* LoginViewModel.swift */; };
		3DD4626C2B230F0A00D200B3 /* LoginView.swift in Sources */ = {isa = PBXBuildFile; fileRef = 3DD4626B2B230F0A00D200B3 /* LoginView.swift */; };
		3DD4626E2B2316F500D200B3 /* UserManager.swift in Sources */ = {isa = PBXBuildFile; fileRef = 3DD4626D2B2316F500D200B3 /* UserManager.swift */; };
		3DD462702B23176900D200B3 /* RootView.swift in Sources */ = {isa = PBXBuildFile; fileRef = 3DD4626F2B23176900D200B3 /* RootView.swift */; };
/* End PBXBuildFile section */

/* Begin PBXContainerItemProxy section */
		3DD462332B23015300D200B3 /* PBXContainerItemProxy */ = {
			isa = PBXContainerItemProxy;
			containerPortal = 3DD462152B23015200D200B3 /* Project object */;
			proxyType = 1;
			remoteGlobalIDString = 3DD4621C2B23015200D200B3;
			remoteInfo = RestoRaterApp;
		};
		3DD4623D2B23015400D200B3 /* PBXContainerItemProxy */ = {
			isa = PBXContainerItemProxy;
			containerPortal = 3DD462152B23015200D200B3 /* Project object */;
			proxyType = 1;
			remoteGlobalIDString = 3DD4621C2B23015200D200B3;
			remoteInfo = RestoRaterApp;
		};
/* End PBXContainerItemProxy section */

/* Begin PBXFileReference section */
		3D3332CF2B23709D0063D286 /* RestaurantDetailView.swift */ = {isa = PBXFileReference; lastKnownFileType = sourcecode.swift; path = RestaurantDetailView.swift; sourceTree = "<group>"; };
		3D3332D12B2376AC0063D286 /* Restaurant+CoreDataClass.swift */ = {isa = PBXFileReference; lastKnownFileType = sourcecode.swift; path = "Restaurant+CoreDataClass.swift"; sourceTree = "<group>"; };
		3D3332D22B2376AC0063D286 /* Restaurant+CoreDataProperties.swift */ = {isa = PBXFileReference; lastKnownFileType = sourcecode.swift; path = "Restaurant+CoreDataProperties.swift"; sourceTree = "<group>"; };
		3D3332D32B2376AC0063D286 /* Review+CoreDataClass.swift */ = {isa = PBXFileReference; lastKnownFileType = sourcecode.swift; path = "Review+CoreDataClass.swift"; sourceTree = "<group>"; };
		3D3332D42B2376AC0063D286 /* Review+CoreDataProperties.swift */ = {isa = PBXFileReference; lastKnownFileType = sourcecode.swift; path = "Review+CoreDataProperties.swift"; sourceTree = "<group>"; };
		3D3332D92B2377420063D286 /* ReviewView.swift */ = {isa = PBXFileReference; lastKnownFileType = sourcecode.swift; path = ReviewView.swift; sourceTree = "<group>"; };
		3D549ADF2B2464A900458521 /* TabsView.swift */ = {isa = PBXFileReference; lastKnownFileType = sourcecode.swift; path = TabsView.swift; sourceTree = "<group>"; };
		3D549AE12B2468EB00458521 /* ProfileView.swift */ = {isa = PBXFileReference; lastKnownFileType = sourcecode.swift; path = ProfileView.swift; sourceTree = "<group>"; };
		3D549AE32B24702600458521 /* UsersListView.swift */ = {isa = PBXFileReference; lastKnownFileType = sourcecode.swift; path = UsersListView.swift; sourceTree = "<group>"; };
		3D549AE52B24707400458521 /* UsersViewModel.swift */ = {isa = PBXFileReference; lastKnownFileType = sourcecode.swift; path = UsersViewModel.swift; sourceTree = "<group>"; };
		3D549AE82B24732800458521 /* AddEditUserViewModel.swift */ = {isa = PBXFileReference; lastKnownFileType = sourcecode.swift; path = AddEditUserViewModel.swift; sourceTree = "<group>"; };
		3D549AEA2B24746300458521 /* AddEditUserView.swift */ = {isa = PBXFileReference; lastKnownFileType = sourcecode.swift; path = AddEditUserView.swift; sourceTree = "<group>"; };
		3DB551E02B24A81400D27E90 /* UserDetailsView.swift */ = {isa = PBXFileReference; lastKnownFileType = sourcecode.swift; path = UserDetailsView.swift; sourceTree = "<group>"; };
		3DC685972B25B228006B5288 /* AddEditRestaurantView.swift */ = {isa = PBXFileReference; lastKnownFileType = sourcecode.swift; path = AddEditRestaurantView.swift; sourceTree = "<group>"; };
		3DC685992B25B340006B5288 /* AddEditRestaurantViewModel.swift */ = {isa = PBXFileReference; lastKnownFileType = sourcecode.swift; path = AddEditRestaurantViewModel.swift; sourceTree = "<group>"; };
		3DCCF0D82B233CD000666731 /* RestaurantViewModel.swift */ = {isa = PBXFileReference; lastKnownFileType = sourcecode.swift; path = RestaurantViewModel.swift; sourceTree = "<group>"; };
		3DCCF0DA2B233D2800666731 /* RestaurantListView.swift */ = {isa = PBXFileReference; lastKnownFileType = sourcecode.swift; path = RestaurantListView.swift; sourceTree = "<group>"; };
		3DD4621D2B23015200D200B3 /* RestoRaterApp.app */ = {isa = PBXFileReference; explicitFileType = wrapper.application; includeInIndex = 0; path = RestoRaterApp.app; sourceTree = BUILT_PRODUCTS_DIR; };
		3DD462202B23015200D200B3 /* RestoRaterApp.swift */ = {isa = PBXFileReference; lastKnownFileType = sourcecode.swift; path = RestoRaterApp.swift; sourceTree = "<group>"; };
		3DD462242B23015300D200B3 /* Assets.xcassets */ = {isa = PBXFileReference; lastKnownFileType = folder.assetcatalog; path = Assets.xcassets; sourceTree = "<group>"; };
		3DD462272B23015300D200B3 /* Preview Assets.xcassets */ = {isa = PBXFileReference; lastKnownFileType = folder.assetcatalog; path = "Preview Assets.xcassets"; sourceTree = "<group>"; };
		3DD462292B23015300D200B3 /* Persistence.swift */ = {isa = PBXFileReference; lastKnownFileType = sourcecode.swift; path = Persistence.swift; sourceTree = "<group>"; };
		3DD4622C2B23015300D200B3 /* RestoRaterApp.xcdatamodel */ = {isa = PBXFileReference; lastKnownFileType = wrapper.xcdatamodel; path = RestoRaterApp.xcdatamodel; sourceTree = "<group>"; };
		3DD462322B23015300D200B3 /* RestoRaterAppTests.xctest */ = {isa = PBXFileReference; explicitFileType = wrapper.cfbundle; includeInIndex = 0; path = RestoRaterAppTests.xctest; sourceTree = BUILT_PRODUCTS_DIR; };
		3DD462362B23015300D200B3 /* RestoRaterAppTests.swift */ = {isa = PBXFileReference; lastKnownFileType = sourcecode.swift; path = RestoRaterAppTests.swift; sourceTree = "<group>"; };
		3DD4623C2B23015400D200B3 /* RestoRaterAppUITests.xctest */ = {isa = PBXFileReference; explicitFileType = wrapper.cfbundle; includeInIndex = 0; path = RestoRaterAppUITests.xctest; sourceTree = BUILT_PRODUCTS_DIR; };
		3DD462402B23015400D200B3 /* RestoRaterAppUITests.swift */ = {isa = PBXFileReference; lastKnownFileType = sourcecode.swift; path = RestoRaterAppUITests.swift; sourceTree = "<group>"; };
		3DD462422B23015400D200B3 /* RestoRaterAppUITestsLaunchTests.swift */ = {isa = PBXFileReference; lastKnownFileType = sourcecode.swift; path = RestoRaterAppUITestsLaunchTests.swift; sourceTree = "<group>"; };
		3DD4625F2B2306DC00D200B3 /* User+CoreDataClass.swift */ = {isa = PBXFileReference; lastKnownFileType = sourcecode.swift; path = "User+CoreDataClass.swift"; sourceTree = "<group>"; };
		3DD462602B2306DC00D200B3 /* User+CoreDataProperties.swift */ = {isa = PBXFileReference; lastKnownFileType = sourcecode.swift; path = "User+CoreDataProperties.swift"; sourceTree = "<group>"; };
		3DD462642B23085B00D200B3 /* RegisterViewModel.swift */ = {isa = PBXFileReference; lastKnownFileType = sourcecode.swift; path = RegisterViewModel.swift; sourceTree = "<group>"; };
		3DD462672B23098F00D200B3 /* RegisterView.swift */ = {isa = PBXFileReference; lastKnownFileType = sourcecode.swift; path = RegisterView.swift; sourceTree = "<group>"; };
		3DD462692B230EA100D200B3 /* LoginViewModel.swift */ = {isa = PBXFileReference; lastKnownFileType = sourcecode.swift; path = LoginViewModel.swift; sourceTree = "<group>"; };
		3DD4626B2B230F0A00D200B3 /* LoginView.swift */ = {isa = PBXFileReference; lastKnownFileType = sourcecode.swift; path = LoginView.swift; sourceTree = "<group>"; };
		3DD4626D2B2316F500D200B3 /* UserManager.swift */ = {isa = PBXFileReference; lastKnownFileType = sourcecode.swift; path = UserManager.swift; sourceTree = "<group>"; };
		3DD4626F2B23176900D200B3 /* RootView.swift */ = {isa = PBXFileReference; lastKnownFileType = sourcecode.swift; path = RootView.swift; sourceTree = "<group>"; };
/* End PBXFileReference section */

/* Begin PBXFrameworksBuildPhase section */
		3DD4621A2B23015200D200B3 /* Frameworks */ = {
			isa = PBXFrameworksBuildPhase;
			buildActionMask = 2147483647;
			files = (
			);
			runOnlyForDeploymentPostprocessing = 0;
		};
		3DD4622F2B23015300D200B3 /* Frameworks */ = {
			isa = PBXFrameworksBuildPhase;
			buildActionMask = 2147483647;
			files = (
			);
			runOnlyForDeploymentPostprocessing = 0;
		};
		3DD462392B23015400D200B3 /* Frameworks */ = {
			isa = PBXFrameworksBuildPhase;
			buildActionMask = 2147483647;
			files = (
			);
			runOnlyForDeploymentPostprocessing = 0;
		};
/* End PBXFrameworksBuildPhase section */

/* Begin PBXGroup section */
		3DC685952B25B01C006B5288 /* User */ = {
			isa = PBXGroup;
			children = (
				3D549AE32B24702600458521 /* UsersListView.swift */,
				3D549AEA2B24746300458521 /* AddEditUserView.swift */,
				3DB551E02B24A81400D27E90 /* UserDetailsView.swift */,
			);
			path = User;
			sourceTree = "<group>";
		};
		3DC685962B25B035006B5288 /* Restaurant */ = {
			isa = PBXGroup;
			children = (
				3D3332CF2B23709D0063D286 /* RestaurantDetailView.swift */,
				3DCCF0DA2B233D2800666731 /* RestaurantListView.swift */,
				3DC685972B25B228006B5288 /* AddEditRestaurantView.swift */,
			);
			path = Restaurant;
			sourceTree = "<group>";
		};
		3DCCF0D72B233C7400666731 /* Entities */ = {
			isa = PBXGroup;
			children = (
				3D3332D12B2376AC0063D286 /* Restaurant+CoreDataClass.swift */,
				3D3332D22B2376AC0063D286 /* Restaurant+CoreDataProperties.swift */,
				3D3332D32B2376AC0063D286 /* Review+CoreDataClass.swift */,
				3D3332D42B2376AC0063D286 /* Review+CoreDataProperties.swift */,
				3DD4625F2B2306DC00D200B3 /* User+CoreDataClass.swift */,
				3DD462602B2306DC00D200B3 /* User+CoreDataProperties.swift */,
			);
			path = Entities;
			sourceTree = "<group>";
		};
		3DD462142B23015200D200B3 = {
			isa = PBXGroup;
			children = (
				3DD4621F2B23015200D200B3 /* RestoRaterApp */,
				3DD462352B23015300D200B3 /* RestoRaterAppTests */,
				3DD4623F2B23015400D200B3 /* RestoRaterAppUITests */,
				3DD4621E2B23015200D200B3 /* Products */,
			);
			sourceTree = "<group>";
		};
		3DD4621E2B23015200D200B3 /* Products */ = {
			isa = PBXGroup;
			children = (
				3DD4621D2B23015200D200B3 /* RestoRaterApp.app */,
				3DD462322B23015300D200B3 /* RestoRaterAppTests.xctest */,
				3DD4623C2B23015400D200B3 /* RestoRaterAppUITests.xctest */,
			);
			name = Products;
			sourceTree = "<group>";
		};
		3DD4621F2B23015200D200B3 /* RestoRaterApp */ = {
			isa = PBXGroup;
			children = (
				3DCCF0D72B233C7400666731 /* Entities */,
				3DD462662B23097100D200B3 /* Views */,
				3DD462632B23084900D200B3 /* ViewModels */,
				3DD462202B23015200D200B3 /* RestoRaterApp.swift */,
				3DD462242B23015300D200B3 /* Assets.xcassets */,
				3DD462292B23015300D200B3 /* Persistence.swift */,
				3DD4622B2B23015300D200B3 /* RestoRaterApp.xcdatamodeld */,
				3DD462262B23015300D200B3 /* Preview Content */,
				3DD4626D2B2316F500D200B3 /* UserManager.swift */,
			);
			path = RestoRaterApp;
			sourceTree = "<group>";
		};
		3DD462262B23015300D200B3 /* Preview Content */ = {
			isa = PBXGroup;
			children = (
				3DD462272B23015300D200B3 /* Preview Assets.xcassets */,
			);
			path = "Preview Content";
			sourceTree = "<group>";
		};
		3DD462352B23015300D200B3 /* RestoRaterAppTests */ = {
			isa = PBXGroup;
			children = (
				3DD462362B23015300D200B3 /* RestoRaterAppTests.swift */,
			);
			path = RestoRaterAppTests;
			sourceTree = "<group>";
		};
		3DD4623F2B23015400D200B3 /* RestoRaterAppUITests */ = {
			isa = PBXGroup;
			children = (
				3DD462402B23015400D200B3 /* RestoRaterAppUITests.swift */,
				3DD462422B23015400D200B3 /* RestoRaterAppUITestsLaunchTests.swift */,
			);
			path = RestoRaterAppUITests;
			sourceTree = "<group>";
		};
		3DD462632B23084900D200B3 /* ViewModels */ = {
			isa = PBXGroup;
			children = (
				3DD462642B23085B00D200B3 /* RegisterViewModel.swift */,
				3DD462692B230EA100D200B3 /* LoginViewModel.swift */,
				3DCCF0D82B233CD000666731 /* RestaurantViewModel.swift */,
				3D549AE52B24707400458521 /* UsersViewModel.swift */,
				3D549AE82B24732800458521 /* AddEditUserViewModel.swift */,
				3DC685992B25B340006B5288 /* AddEditRestaurantViewModel.swift */,
			);
			path = ViewModels;
			sourceTree = "<group>";
		};
		3DD462662B23097100D200B3 /* Views */ = {
			isa = PBXGroup;
			children = (
				3DC685962B25B035006B5288 /* Restaurant */,
				3DC685952B25B01C006B5288 /* User */,
				3DD462672B23098F00D200B3 /* RegisterView.swift */,
				3DD4626B2B230F0A00D200B3 /* LoginView.swift */,
				3D549ADF2B2464A900458521 /* TabsView.swift */,
				3D549AE12B2468EB00458521 /* ProfileView.swift */,
				3DD4626F2B23176900D200B3 /* RootView.swift */,
				3D3332D92B2377420063D286 /* ReviewView.swift */,
			);
			path = Views;
			sourceTree = "<group>";
		};
/* End PBXGroup section */

/* Begin PBXNativeTarget section */
		3DD4621C2B23015200D200B3 /* RestoRaterApp */ = {
			isa = PBXNativeTarget;
			buildConfigurationList = 3DD462462B23015400D200B3 /* Build configuration list for PBXNativeTarget "RestoRaterApp" */;
			buildPhases = (
				3DD462192B23015200D200B3 /* Sources */,
				3DD4621A2B23015200D200B3 /* Frameworks */,
				3DD4621B2B23015200D200B3 /* Resources */,
			);
			buildRules = (
			);
			dependencies = (
			);
			name = RestoRaterApp;
			productName = RestoRaterApp;
			productReference = 3DD4621D2B23015200D200B3 /* RestoRaterApp.app */;
			productType = "com.apple.product-type.application";
		};
		3DD462312B23015300D200B3 /* RestoRaterAppTests */ = {
			isa = PBXNativeTarget;
			buildConfigurationList = 3DD462492B23015400D200B3 /* Build configuration list for PBXNativeTarget "RestoRaterAppTests" */;
			buildPhases = (
				3DD4622E2B23015300D200B3 /* Sources */,
				3DD4622F2B23015300D200B3 /* Frameworks */,
				3DD462302B23015300D200B3 /* Resources */,
			);
			buildRules = (
			);
			dependencies = (
				3DD462342B23015300D200B3 /* PBXTargetDependency */,
			);
			name = RestoRaterAppTests;
			productName = RestoRaterAppTests;
			productReference = 3DD462322B23015300D200B3 /* RestoRaterAppTests.xctest */;
			productType = "com.apple.product-type.bundle.unit-test";
		};
		3DD4623B2B23015400D200B3 /* RestoRaterAppUITests */ = {
			isa = PBXNativeTarget;
			buildConfigurationList = 3DD4624C2B23015400D200B3 /* Build configuration list for PBXNativeTarget "RestoRaterAppUITests" */;
			buildPhases = (
				3DD462382B23015400D200B3 /* Sources */,
				3DD462392B23015400D200B3 /* Frameworks */,
				3DD4623A2B23015400D200B3 /* Resources */,
			);
			buildRules = (
			);
			dependencies = (
				3DD4623E2B23015400D200B3 /* PBXTargetDependency */,
			);
			name = RestoRaterAppUITests;
			productName = RestoRaterAppUITests;
			productReference = 3DD4623C2B23015400D200B3 /* RestoRaterAppUITests.xctest */;
			productType = "com.apple.product-type.bundle.ui-testing";
		};
/* End PBXNativeTarget section */

/* Begin PBXProject section */
		3DD462152B23015200D200B3 /* Project object */ = {
			isa = PBXProject;
			attributes = {
				BuildIndependentTargetsInParallel = 1;
				LastSwiftUpdateCheck = 1420;
				LastUpgradeCheck = 1420;
				TargetAttributes = {
					3DD4621C2B23015200D200B3 = {
						CreatedOnToolsVersion = 14.2;
					};
					3DD462312B23015300D200B3 = {
						CreatedOnToolsVersion = 14.2;
						TestTargetID = 3DD4621C2B23015200D200B3;
					};
					3DD4623B2B23015400D200B3 = {
						CreatedOnToolsVersion = 14.2;
						TestTargetID = 3DD4621C2B23015200D200B3;
					};
				};
			};
			buildConfigurationList = 3DD462182B23015200D200B3 /* Build configuration list for PBXProject "RestoRaterApp" */;
			compatibilityVersion = "Xcode 14.0";
			developmentRegion = en;
			hasScannedForEncodings = 0;
			knownRegions = (
				en,
				Base,
			);
			mainGroup = 3DD462142B23015200D200B3;
			productRefGroup = 3DD4621E2B23015200D200B3 /* Products */;
			projectDirPath = "";
			projectRoot = "";
			targets = (
				3DD4621C2B23015200D200B3 /* RestoRaterApp */,
				3DD462312B23015300D200B3 /* RestoRaterAppTests */,
				3DD4623B2B23015400D200B3 /* RestoRaterAppUITests */,
			);
		};
/* End PBXProject section */

/* Begin PBXResourcesBuildPhase section */
		3DD4621B2B23015200D200B3 /* Resources */ = {
			isa = PBXResourcesBuildPhase;
			buildActionMask = 2147483647;
			files = (
				3DD462282B23015300D200B3 /* Preview Assets.xcassets in Resources */,
				3DD462252B23015300D200B3 /* Assets.xcassets in Resources */,
			);
			runOnlyForDeploymentPostprocessing = 0;
		};
		3DD462302B23015300D200B3 /* Resources */ = {
			isa = PBXResourcesBuildPhase;
			buildActionMask = 2147483647;
			files = (
			);
			runOnlyForDeploymentPostprocessing = 0;
		};
		3DD4623A2B23015400D200B3 /* Resources */ = {
			isa = PBXResourcesBuildPhase;
			buildActionMask = 2147483647;
			files = (
			);
			runOnlyForDeploymentPostprocessing = 0;
		};
/* End PBXResourcesBuildPhase section */

/* Begin PBXSourcesBuildPhase section */
		3DD462192B23015200D200B3 /* Sources */ = {
			isa = PBXSourcesBuildPhase;
			buildActionMask = 2147483647;
			files = (
				3DD4622A2B23015300D200B3 /* Persistence.swift in Sources */,
				3DCCF0DB2B233D2800666731 /* RestaurantListView.swift in Sources */,
				3DC6859A2B25B340006B5288 /* AddEditRestaurantViewModel.swift in Sources */,
				3D3332DA2B2377420063D286 /* ReviewView.swift in Sources */,
				3D3332D62B2376AC0063D286 /* Restaurant+CoreDataProperties.swift in Sources */,
				3D3332D52B2376AC0063D286 /* Restaurant+CoreDataClass.swift in Sources */,
				3DD462652B23085B00D200B3 /* RegisterViewModel.swift in Sources */,
				3DD462622B2306DC00D200B3 /* User+CoreDataProperties.swift in Sources */,
				3DD4626C2B230F0A00D200B3 /* LoginView.swift in Sources */,
				3DB551E12B24A81400D27E90 /* UserDetailsView.swift in Sources */,
				3DD4622D2B23015300D200B3 /* RestoRaterApp.xcdatamodeld in Sources */,
				3D3332D72B2376AC0063D286 /* Review+CoreDataClass.swift in Sources */,
				3DD4626A2B230EA100D200B3 /* LoginViewModel.swift in Sources */,
				3D549AE42B24702700458521 /* UsersListView.swift in Sources */,
				3D549AE62B24707400458521 /* UsersViewModel.swift in Sources */,
				3DD462682B23098F00D200B3 /* RegisterView.swift in Sources */,
				3DD462212B23015200D200B3 /* RestoRaterApp.swift in Sources */,
				3DCCF0D92B233CD000666731 /* RestaurantViewModel.swift in Sources */,
				3DC685982B25B229006B5288 /* AddEditRestaurantView.swift in Sources */,
				3D549AEB2B24746300458521 /* AddEditUserView.swift in Sources */,
				3D549AE02B2464A900458521 /* TabsView.swift in Sources */,
				3D3332D82B2376AC0063D286 /* Review+CoreDataProperties.swift in Sources */,
				3DD4626E2B2316F500D200B3 /* UserManager.swift in Sources */,
				3D3332D02B23709D0063D286 /* RestaurantDetailView.swift in Sources */,
				3DD462612B2306DC00D200B3 /* User+CoreDataClass.swift in Sources */,
				3D549AE22B2468EB00458521 /* ProfileView.swift in Sources */,
				3DD462702B23176900D200B3 /* RootView.swift in Sources */,
				3D549AE92B24732800458521 /* AddEditUserViewModel.swift in Sources */,
			);
			runOnlyForDeploymentPostprocessing = 0;
		};
		3DD4622E2B23015300D200B3 /* Sources */ = {
			isa = PBXSourcesBuildPhase;
			buildActionMask = 2147483647;
			files = (
				3DD462372B23015300D200B3 /* RestoRaterAppTests.swift in Sources */,
			);
			runOnlyForDeploymentPostprocessing = 0;
		};
		3DD462382B23015400D200B3 /* Sources */ = {
			isa = PBXSourcesBuildPhase;
			buildActionMask = 2147483647;
			files = (
				3DD462412B23015400D200B3 /* RestoRaterAppUITests.swift in Sources */,
				3DD462432B23015400D200B3 /* RestoRaterAppUITestsLaunchTests.swift in Sources */,
			);
			runOnlyForDeploymentPostprocessing = 0;
		};
/* End PBXSourcesBuildPhase section */

/* Begin PBXTargetDependency section */
		3DD462342B23015300D200B3 /* PBXTargetDependency */ = {
			isa = PBXTargetDependency;
			target = 3DD4621C2B23015200D200B3 /* RestoRaterApp */;
			targetProxy = 3DD462332B23015300D200B3 /* PBXContainerItemProxy */;
		};
		3DD4623E2B23015400D200B3 /* PBXTargetDependency */ = {
			isa = PBXTargetDependency;
			target = 3DD4621C2B23015200D200B3 /* RestoRaterApp */;
			targetProxy = 3DD4623D2B23015400D200B3 /* PBXContainerItemProxy */;
		};
/* End PBXTargetDependency section */

/* Begin XCBuildConfiguration section */
		3DD462442B23015400D200B3 /* Debug */ = {
			isa = XCBuildConfiguration;
			buildSettings = {
				ALWAYS_SEARCH_USER_PATHS = NO;
				CLANG_ANALYZER_NONNULL = YES;
				CLANG_ANALYZER_NUMBER_OBJECT_CONVERSION = YES_AGGRESSIVE;
				CLANG_CXX_LANGUAGE_STANDARD = "gnu++20";
				CLANG_ENABLE_MODULES = YES;
				CLANG_ENABLE_OBJC_ARC = YES;
				CLANG_ENABLE_OBJC_WEAK = YES;
				CLANG_WARN_BLOCK_CAPTURE_AUTORELEASING = YES;
				CLANG_WARN_BOOL_CONVERSION = YES;
				CLANG_WARN_COMMA = YES;
				CLANG_WARN_CONSTANT_CONVERSION = YES;
				CLANG_WARN_DEPRECATED_OBJC_IMPLEMENTATIONS = YES;
				CLANG_WARN_DIRECT_OBJC_ISA_USAGE = YES_ERROR;
				CLANG_WARN_DOCUMENTATION_COMMENTS = YES;
				CLANG_WARN_EMPTY_BODY = YES;
				CLANG_WARN_ENUM_CONVERSION = YES;
				CLANG_WARN_INFINITE_RECURSION = YES;
				CLANG_WARN_INT_CONVERSION = YES;
				CLANG_WARN_NON_LITERAL_NULL_CONVERSION = YES;
				CLANG_WARN_OBJC_IMPLICIT_RETAIN_SELF = YES;
				CLANG_WARN_OBJC_LITERAL_CONVERSION = YES;
				CLANG_WARN_OBJC_ROOT_CLASS = YES_ERROR;
				CLANG_WARN_QUOTED_INCLUDE_IN_FRAMEWORK_HEADER = YES;
				CLANG_WARN_RANGE_LOOP_ANALYSIS = YES;
				CLANG_WARN_STRICT_PROTOTYPES = YES;
				CLANG_WARN_SUSPICIOUS_MOVE = YES;
				CLANG_WARN_UNGUARDED_AVAILABILITY = YES_AGGRESSIVE;
				CLANG_WARN_UNREACHABLE_CODE = YES;
				CLANG_WARN__DUPLICATE_METHOD_MATCH = YES;
				COPY_PHASE_STRIP = NO;
				DEBUG_INFORMATION_FORMAT = dwarf;
				ENABLE_STRICT_OBJC_MSGSEND = YES;
				ENABLE_TESTABILITY = YES;
				GCC_C_LANGUAGE_STANDARD = gnu11;
				GCC_DYNAMIC_NO_PIC = NO;
				GCC_NO_COMMON_BLOCKS = YES;
				GCC_OPTIMIZATION_LEVEL = 0;
				GCC_PREPROCESSOR_DEFINITIONS = (
					"DEBUG=1",
					"$(inherited)",
				);
				GCC_WARN_64_TO_32_BIT_CONVERSION = YES;
				GCC_WARN_ABOUT_RETURN_TYPE = YES_ERROR;
				GCC_WARN_UNDECLARED_SELECTOR = YES;
				GCC_WARN_UNINITIALIZED_AUTOS = YES_AGGRESSIVE;
				GCC_WARN_UNUSED_FUNCTION = YES;
				GCC_WARN_UNUSED_VARIABLE = YES;
				IPHONEOS_DEPLOYMENT_TARGET = 16.2;
				MTL_ENABLE_DEBUG_INFO = INCLUDE_SOURCE;
				MTL_FAST_MATH = YES;
				ONLY_ACTIVE_ARCH = YES;
				SDKROOT = iphoneos;
				SWIFT_ACTIVE_COMPILATION_CONDITIONS = DEBUG;
				SWIFT_OPTIMIZATION_LEVEL = "-Onone";
			};
			name = Debug;
		};
		3DD462452B23015400D200B3 /* Release */ = {
			isa = XCBuildConfiguration;
			buildSettings = {
				ALWAYS_SEARCH_USER_PATHS = NO;
				CLANG_ANALYZER_NONNULL = YES;
				CLANG_ANALYZER_NUMBER_OBJECT_CONVERSION = YES_AGGRESSIVE;
				CLANG_CXX_LANGUAGE_STANDARD = "gnu++20";
				CLANG_ENABLE_MODULES = YES;
				CLANG_ENABLE_OBJC_ARC = YES;
				CLANG_ENABLE_OBJC_WEAK = YES;
				CLANG_WARN_BLOCK_CAPTURE_AUTORELEASING = YES;
				CLANG_WARN_BOOL_CONVERSION = YES;
				CLANG_WARN_COMMA = YES;
				CLANG_WARN_CONSTANT_CONVERSION = YES;
				CLANG_WARN_DEPRECATED_OBJC_IMPLEMENTATIONS = YES;
				CLANG_WARN_DIRECT_OBJC_ISA_USAGE = YES_ERROR;
				CLANG_WARN_DOCUMENTATION_COMMENTS = YES;
				CLANG_WARN_EMPTY_BODY = YES;
				CLANG_WARN_ENUM_CONVERSION = YES;
				CLANG_WARN_INFINITE_RECURSION = YES;
				CLANG_WARN_INT_CONVERSION = YES;
				CLANG_WARN_NON_LITERAL_NULL_CONVERSION = YES;
				CLANG_WARN_OBJC_IMPLICIT_RETAIN_SELF = YES;
				CLANG_WARN_OBJC_LITERAL_CONVERSION = YES;
				CLANG_WARN_OBJC_ROOT_CLASS = YES_ERROR;
				CLANG_WARN_QUOTED_INCLUDE_IN_FRAMEWORK_HEADER = YES;
				CLANG_WARN_RANGE_LOOP_ANALYSIS = YES;
				CLANG_WARN_STRICT_PROTOTYPES = YES;
				CLANG_WARN_SUSPICIOUS_MOVE = YES;
				CLANG_WARN_UNGUARDED_AVAILABILITY = YES_AGGRESSIVE;
				CLANG_WARN_UNREACHABLE_CODE = YES;
				CLANG_WARN__DUPLICATE_METHOD_MATCH = YES;
				COPY_PHASE_STRIP = NO;
				DEBUG_INFORMATION_FORMAT = "dwarf-with-dsym";
				ENABLE_NS_ASSERTIONS = NO;
				ENABLE_STRICT_OBJC_MSGSEND = YES;
				GCC_C_LANGUAGE_STANDARD = gnu11;
				GCC_NO_COMMON_BLOCKS = YES;
				GCC_WARN_64_TO_32_BIT_CONVERSION = YES;
				GCC_WARN_ABOUT_RETURN_TYPE = YES_ERROR;
				GCC_WARN_UNDECLARED_SELECTOR = YES;
				GCC_WARN_UNINITIALIZED_AUTOS = YES_AGGRESSIVE;
				GCC_WARN_UNUSED_FUNCTION = YES;
				GCC_WARN_UNUSED_VARIABLE = YES;
				IPHONEOS_DEPLOYMENT_TARGET = 16.2;
				MTL_ENABLE_DEBUG_INFO = NO;
				MTL_FAST_MATH = YES;
				SDKROOT = iphoneos;
				SWIFT_COMPILATION_MODE = wholemodule;
				SWIFT_OPTIMIZATION_LEVEL = "-O";
				VALIDATE_PRODUCT = YES;
			};
			name = Release;
		};
		3DD462472B23015400D200B3 /* Debug */ = {
			isa = XCBuildConfiguration;
			buildSettings = {
				ASSETCATALOG_COMPILER_APPICON_NAME = AppIcon;
				ASSETCATALOG_COMPILER_GLOBAL_ACCENT_COLOR_NAME = AccentColor;
				CODE_SIGN_STYLE = Automatic;
				CURRENT_PROJECT_VERSION = 1;
				DEVELOPMENT_ASSET_PATHS = "\"RestoRaterApp/Preview Content\"";
				ENABLE_PREVIEWS = YES;
				GENERATE_INFOPLIST_FILE = YES;
				INFOPLIST_KEY_UIApplicationSceneManifest_Generation = YES;
				INFOPLIST_KEY_UIApplicationSupportsIndirectInputEvents = YES;
				INFOPLIST_KEY_UILaunchScreen_Generation = YES;
				INFOPLIST_KEY_UISupportedInterfaceOrientations_iPad = "UIInterfaceOrientationPortrait UIInterfaceOrientationPortraitUpsideDown UIInterfaceOrientationLandscapeLeft UIInterfaceOrientationLandscapeRight";
				INFOPLIST_KEY_UISupportedInterfaceOrientations_iPhone = "UIInterfaceOrientationPortrait UIInterfaceOrientationLandscapeLeft UIInterfaceOrientationLandscapeRight";
				LD_RUNPATH_SEARCH_PATHS = (
					"$(inherited)",
					"@executable_path/Frameworks",
				);
				MARKETING_VERSION = 1.0;
				PRODUCT_BUNDLE_IDENTIFIER = hus.RestoRaterApp;
				PRODUCT_NAME = "$(TARGET_NAME)";
				SWIFT_EMIT_LOC_STRINGS = YES;
				SWIFT_VERSION = 5.0;
				TARGETED_DEVICE_FAMILY = "1,2";
			};
			name = Debug;
		};
		3DD462482B23015400D200B3 /* Release */ = {
			isa = XCBuildConfiguration;
			buildSettings = {
				ASSETCATALOG_COMPILER_APPICON_NAME = AppIcon;
				ASSETCATALOG_COMPILER_GLOBAL_ACCENT_COLOR_NAME = AccentColor;
				CODE_SIGN_STYLE = Automatic;
				CURRENT_PROJECT_VERSION = 1;
				DEVELOPMENT_ASSET_PATHS = "\"RestoRaterApp/Preview Content\"";
				ENABLE_PREVIEWS = YES;
				GENERATE_INFOPLIST_FILE = YES;
				INFOPLIST_KEY_UIApplicationSceneManifest_Generation = YES;
				INFOPLIST_KEY_UIApplicationSupportsIndirectInputEvents = YES;
				INFOPLIST_KEY_UILaunchScreen_Generation = YES;
				INFOPLIST_KEY_UISupportedInterfaceOrientations_iPad = "UIInterfaceOrientationPortrait UIInterfaceOrientationPortraitUpsideDown UIInterfaceOrientationLandscapeLeft UIInterfaceOrientationLandscapeRight";
				INFOPLIST_KEY_UISupportedInterfaceOrientations_iPhone = "UIInterfaceOrientationPortrait UIInterfaceOrientationLandscapeLeft UIInterfaceOrientationLandscapeRight";
				LD_RUNPATH_SEARCH_PATHS = (
					"$(inherited)",
					"@executable_path/Frameworks",
				);
				MARKETING_VERSION = 1.0;
				PRODUCT_BUNDLE_IDENTIFIER = hus.RestoRaterApp;
				PRODUCT_NAME = "$(TARGET_NAME)";
				SWIFT_EMIT_LOC_STRINGS = YES;
				SWIFT_VERSION = 5.0;
				TARGETED_DEVICE_FAMILY = "1,2";
			};
			name = Release;
		};
		3DD4624A2B23015400D200B3 /* Debug */ = {
			isa = XCBuildConfiguration;
			buildSettings = {
				ALWAYS_EMBED_SWIFT_STANDARD_LIBRARIES = YES;
				BUNDLE_LOADER = "$(TEST_HOST)";
				CODE_SIGN_STYLE = Automatic;
				CURRENT_PROJECT_VERSION = 1;
				GENERATE_INFOPLIST_FILE = YES;
				IPHONEOS_DEPLOYMENT_TARGET = 16.2;
				MARKETING_VERSION = 1.0;
				PRODUCT_BUNDLE_IDENTIFIER = hus.RestoRaterAppTests;
				PRODUCT_NAME = "$(TARGET_NAME)";
				SWIFT_EMIT_LOC_STRINGS = NO;
				SWIFT_VERSION = 5.0;
				TARGETED_DEVICE_FAMILY = "1,2";
				TEST_HOST = "$(BUILT_PRODUCTS_DIR)/RestoRaterApp.app/$(BUNDLE_EXECUTABLE_FOLDER_PATH)/RestoRaterApp";
			};
			name = Debug;
		};
		3DD4624B2B23015400D200B3 /* Release */ = {
			isa = XCBuildConfiguration;
			buildSettings = {
				ALWAYS_EMBED_SWIFT_STANDARD_LIBRARIES = YES;
				BUNDLE_LOADER = "$(TEST_HOST)";
				CODE_SIGN_STYLE = Automatic;
				CURRENT_PROJECT_VERSION = 1;
				GENERATE_INFOPLIST_FILE = YES;
				IPHONEOS_DEPLOYMENT_TARGET = 16.2;
				MARKETING_VERSION = 1.0;
				PRODUCT_BUNDLE_IDENTIFIER = hus.RestoRaterAppTests;
				PRODUCT_NAME = "$(TARGET_NAME)";
				SWIFT_EMIT_LOC_STRINGS = NO;
				SWIFT_VERSION = 5.0;
				TARGETED_DEVICE_FAMILY = "1,2";
				TEST_HOST = "$(BUILT_PRODUCTS_DIR)/RestoRaterApp.app/$(BUNDLE_EXECUTABLE_FOLDER_PATH)/RestoRaterApp";
			};
			name = Release;
		};
		3DD4624D2B23015400D200B3 /* Debug */ = {
			isa = XCBuildConfiguration;
			buildSettings = {
				ALWAYS_EMBED_SWIFT_STANDARD_LIBRARIES = YES;
				CODE_SIGN_STYLE = Automatic;
				CURRENT_PROJECT_VERSION = 1;
				GENERATE_INFOPLIST_FILE = YES;
				MARKETING_VERSION = 1.0;
				PRODUCT_BUNDLE_IDENTIFIER = hus.RestoRaterAppUITests;
				PRODUCT_NAME = "$(TARGET_NAME)";
				SWIFT_EMIT_LOC_STRINGS = NO;
				SWIFT_VERSION = 5.0;
				TARGETED_DEVICE_FAMILY = "1,2";
				TEST_TARGET_NAME = RestoRaterApp;
			};
			name = Debug;
		};
		3DD4624E2B23015400D200B3 /* Release */ = {
			isa = XCBuildConfiguration;
			buildSettings = {
				ALWAYS_EMBED_SWIFT_STANDARD_LIBRARIES = YES;
				CODE_SIGN_STYLE = Automatic;
				CURRENT_PROJECT_VERSION = 1;
				GENERATE_INFOPLIST_FILE = YES;
				MARKETING_VERSION = 1.0;
				PRODUCT_BUNDLE_IDENTIFIER = hus.RestoRaterAppUITests;
				PRODUCT_NAME = "$(TARGET_NAME)";
				SWIFT_EMIT_LOC_STRINGS = NO;
				SWIFT_VERSION = 5.0;
				TARGETED_DEVICE_FAMILY = "1,2";
				TEST_TARGET_NAME = RestoRaterApp;
			};
			name = Release;
		};
/* End XCBuildConfiguration section */

/* Begin XCConfigurationList section */
		3DD462182B23015200D200B3 /* Build configuration list for PBXProject "RestoRaterApp" */ = {
			isa = XCConfigurationList;
			buildConfigurations = (
				3DD462442B23015400D200B3 /* Debug */,
				3DD462452B23015400D200B3 /* Release */,
			);
			defaultConfigurationIsVisible = 0;
			defaultConfigurationName = Release;
		};
		3DD462462B23015400D200B3 /* Build configuration list for PBXNativeTarget "RestoRaterApp" */ = {
			isa = XCConfigurationList;
			buildConfigurations = (
				3DD462472B23015400D200B3 /* Debug */,
				3DD462482B23015400D200B3 /* Release */,
			);
			defaultConfigurationIsVisible = 0;
			defaultConfigurationName = Release;
		};
		3DD462492B23015400D200B3 /* Build configuration list for PBXNativeTarget "RestoRaterAppTests" */ = {
			isa = XCConfigurationList;
			buildConfigurations = (
				3DD4624A2B23015400D200B3 /* Debug */,
				3DD4624B2B23015400D200B3 /* Release */,
			);
			defaultConfigurationIsVisible = 0;
			defaultConfigurationName = Release;
		};
		3DD4624C2B23015400D200B3 /* Build configuration list for PBXNativeTarget "RestoRaterAppUITests" */ = {
			isa = XCConfigurationList;
			buildConfigurations = (
				3DD4624D2B23015400D200B3 /* Debug */,
				3DD4624E2B23015400D200B3 /* Release */,
			);
			defaultConfigurationIsVisible = 0;
			defaultConfigurationName = Release;
		};
/* End XCConfigurationList section */

/* Begin XCVersionGroup section */
		3DD4622B2B23015300D200B3 /* RestoRaterApp.xcdatamodeld */ = {
			isa = XCVersionGroup;
			children = (
				3DD4622C2B23015300D200B3 /* RestoRaterApp.xcdatamodel */,
			);
			currentVersion = 3DD4622C2B23015300D200B3 /* RestoRaterApp.xcdatamodel */;
			path = RestoRaterApp.xcdatamodeld;
			sourceTree = "<group>";
			versionGroupType = wrapper.xcdatamodel;
		};
/* End XCVersionGroup section */
	};
	rootObject = 3DD462152B23015200D200B3 /* Project object */;
}
